
Microsoft Visual Studio Solution File, Format Version 12.00
# Visual Studio 15
VisualStudioVersion = 15.0.27004.2009
MinimumVisualStudioVersion = 10.0.40219.1
Project("{FAE04EC0-301F-11D3-BF4B-00C04F79EFBC}") = "App3", "App3\App3.csproj", "{BFABFB4B-5881-4E1D-9E3D-798F4947E23D}"
EndProject
Project("{FAE04EC0-301F-11D3-BF4B-00C04F79EFBC}") = "Datalib", "Datalib\Datalib.csproj", "{AB565F6E-6517-45B5-ABE4-DEE3FD74CD11}"
EndProject
Global
	GlobalSection(SolutionConfigurationPlatforms) = preSolution
		Debug|Any CPU = Debug|Any CPU
		Release|Any CPU = Release|Any CPU
	EndGlobalSection
	GlobalSection(ProjectConfigurationPlatforms) = postSolution
		{BFABFB4B-5881-4E1D-9E3D-798F4947E23D}.Debug|Any CPU.ActiveCfg = Debug|Any CPU
		{BFABFB4B-5881-4E1D-9E3D-798F4947E23D}.Debug|Any CPU.Build.0 = Debug|Any CPU
		{BFABFB4B-5881-4E1D-9E3D-798F4947E23D}.Debug|Any CPU.Deploy.0 = Debug|Any CPU
		{BFABFB4B-5881-4E1D-9E3D-798F4947E23D}.Release|Any CPU.ActiveCfg = Release|Any CPU
		{BFABFB4B-5881-4E1D-9E3D-798F4947E23D}.Release|Any CPU.Build.0 = Release|Any CPU
		{BFABFB4B-5881-4E1D-9E3D-798F4947E23D}.Release|Any CPU.Deploy.0 = Release|Any CPU
		{AB565F6E-6517-45B5-ABE4-DEE3FD74CD11}.Debug|Any CPU.ActiveCfg = Debug|Any CPU
		{AB565F6E-6517-45B5-ABE4-DEE3FD74CD11}.Debug|Any CPU.Build.0 = Debug|Any CPU
		{AB565F6E-6517-45B5-ABE4-DEE3FD74CD11}.Release|Any CPU.ActiveCfg = Release|Any CPU
		{AB565F6E-6517-45B5-ABE4-DEE3FD74CD11}.Release|Any CPU.Build.0 = Release|Any CPU
	EndGlobalSection
	GlobalSection(SolutionProperties) = preSolution
		HideSolutionNode = FALSE
	EndGlobalSection
	GlobalSection(ExtensibilityGlobals) = postSolution
		SolutionGuid = {2551D7F4-E5EE-4130-A97F-024004CA63B3}
	EndGlobalSection
EndGlobal
